{
    "_meta": {
        "hash": {
            "sha256": "9aea80ba0e7dc236c849467964fc32bf5ba75411c3b0eb7cafd9cb16c7b2b4da"
        },
        "pipfile-spec": 6,
        "requires": {
            "python_version": "3.8"
        },
        "sources": [
            {
                "name": "pypi",
                "url": "https://pypi.org/simple",
                "verify_ssl": true
            }
        ]
    },
    "default": {
        "asciichartpy": {
            "hashes": [
                "sha256:33c417a3c8ef7d0a11b98eb9ea6dd9b2c1b17559e539b207a17d26d4302d0258",
                "sha256:63a305302b2aad51da288b58226009b7b0313eba7d8e2452d5a21a13fcf44d74"
            ],
            "index": "pypi",
            "version": "==1.5.25"
        },
        "pillow": {
            "hashes": [
                "sha256:0304004f8067386b477d20a518b50f3fa658a28d44e4116970abfcd94fac34a8",
                "sha256:0689b5a8c5288bc0504d9fcee48f61a6a586b9b98514d7d29b840143d6734f39",
                "sha256:0eae2073305f451d8ecacb5474997c08569fb4eb4ac231ffa4ad7d342fdc25ac",
                "sha256:0fb3e7fc88a14eacd303e90481ad983fd5b69c761e9e6ef94c983f91025da869",
                "sha256:11fa2e5984b949b0dd6d7a94d967743d87c577ff0b83392f17cb3990d0d2fd6e",
                "sha256:127cee571038f252a552760076407f9cff79761c3d436a12af6000cd182a9d04",
                "sha256:154e939c5f0053a383de4fd3d3da48d9427a7e985f58af8e94d0b3c9fcfcf4f9",
                "sha256:15587643b9e5eb26c48e49a7b33659790d28f190fc514a322d55da2fb5c2950e",
                "sha256:170aeb00224ab3dc54230c797f8404507240dd868cf52066f66a41b33169bdbe",
                "sha256:1b5e1b74d1bd1b78bc3477528919414874748dd363e6272efd5abf7654e68bef",
                "sha256:1da3b2703afd040cf65ec97efea81cfba59cdbed9c11d8efc5ab09df9509fc56",
                "sha256:1e23412b5c41e58cec602f1135c57dfcf15482013ce6e5f093a86db69646a5aa",
                "sha256:2247178effb34a77c11c0e8ac355c7a741ceca0a732b27bf11e747bbc950722f",
                "sha256:257d8788df5ca62c980314053197f4d46eefedf4e6175bc9412f14412ec4ea2f",
                "sha256:3031709084b6e7852d00479fd1d310b07d0ba82765f973b543c8af5061cf990e",
                "sha256:322209c642aabdd6207517e9739c704dc9f9db943015535783239022002f054a",
                "sha256:322bdf3c9b556e9ffb18f93462e5f749d3444ce081290352c6070d014c93feb2",
                "sha256:33870dc4653c5017bf4c8873e5488d8f8d5f8935e2f1fb9a2208c47cdd66efd2",
                "sha256:35bb52c37f256f662abdfa49d2dfa6ce5d93281d323a9af377a120e89a9eafb5",
                "sha256:3c31822339516fb3c82d03f30e22b1d038da87ef27b6a78c9549888f8ceda39a",
                "sha256:3eedd52442c0a5ff4f887fab0c1c0bb164d8635b32c894bc1faf4c618dd89df2",
                "sha256:3ff074fc97dd4e80543a3e91f69d58889baf2002b6be64347ea8cf5533188213",
                "sha256:47c0995fc4e7f79b5cfcab1fc437ff2890b770440f7696a3ba065ee0fd496563",
                "sha256:49d9ba1ed0ef3e061088cd1e7538a0759aab559e2e0a80a36f9fd9d8c0c21591",
                "sha256:51f1a1bffc50e2e9492e87d8e09a17c5eea8409cda8d3f277eb6edc82813c17c",
                "sha256:52a50aa3fb3acb9cf7213573ef55d31d6eca37f5709c69e6858fe3bc04a5c2a2",
                "sha256:54f1852cd531aa981bc0965b7d609f5f6cc8ce8c41b1139f6ed6b3c54ab82bfb",
                "sha256:609448742444d9290fd687940ac0b57fb35e6fd92bdb65386e08e99af60bf757",
                "sha256:69ffdd6120a4737710a9eee73e1d2e37db89b620f702754b8f6e62594471dee0",
                "sha256:6fad5ff2f13d69b7e74ce5b4ecd12cc0ec530fcee76356cac6742785ff71c452",
                "sha256:7049e301399273a0136ff39b84c3678e314f2158f50f517bc50285fb5ec847ad",
                "sha256:70c61d4c475835a19b3a5aa42492409878bbca7438554a1f89d20d58a7c75c01",
                "sha256:716d30ed977be8b37d3ef185fecb9e5a1d62d110dfbdcd1e2a122ab46fddb03f",
                "sha256:753cd8f2086b2b80180d9b3010dd4ed147efc167c90d3bf593fe2af21265e5a5",
                "sha256:773efe0603db30c281521a7c0214cad7836c03b8ccff897beae9b47c0b657d61",
                "sha256:7823bdd049099efa16e4246bdf15e5a13dbb18a51b68fa06d6c1d4d8b99a796e",
                "sha256:7c8f97e8e7a9009bcacbe3766a36175056c12f9a44e6e6f2d5caad06dcfbf03b",
                "sha256:823ef7a27cf86df6597fa0671066c1b596f69eba53efa3d1e1cb8b30f3533068",
                "sha256:8373c6c251f7ef8bda6675dd6d2b3a0fcc31edf1201266b5cf608b62a37407f9",
                "sha256:83b2021f2ade7d1ed556bc50a399127d7fb245e725aa0113ebd05cfe88aaf588",
                "sha256:870ea1ada0899fd0b79643990809323b389d4d1d46c192f97342eeb6ee0b8483",
                "sha256:8d12251f02d69d8310b046e82572ed486685c38f02176bd08baf216746eb947f",
                "sha256:9c23f307202661071d94b5e384e1e1dc7dfb972a28a2310e4ee16103e66ddb67",
                "sha256:9d189550615b4948f45252d7f005e53c2040cea1af5b60d6f79491a6e147eef7",
                "sha256:a086c2af425c5f62a65e12fbf385f7c9fcb8f107d0849dba5839461a129cf311",
                "sha256:a2b56ba36e05f973d450582fb015594aaa78834fefe8dfb8fcd79b93e64ba4c6",
                "sha256:aebb6044806f2e16ecc07b2a2637ee1ef67a11840a66752751714a0d924adf72",
                "sha256:b1b3020d90c2d8e1dae29cf3ce54f8094f7938460fb5ce8bc5c01450b01fbaf6",
                "sha256:b4b6b1e20608493548b1f32bce8cca185bf0480983890403d3b8753e44077129",
                "sha256:b6f491cdf80ae540738859d9766783e3b3c8e5bd37f5dfa0b76abdecc5081f13",
                "sha256:b792a349405fbc0163190fde0dc7b3fef3c9268292586cf5645598b48e63dc67",
                "sha256:b7c2286c23cd350b80d2fc9d424fc797575fb16f854b831d16fd47ceec078f2c",
                "sha256:babf5acfede515f176833ed6028754cbcd0d206f7f614ea3447d67c33be12516",
                "sha256:c365fd1703040de1ec284b176d6af5abe21b427cb3a5ff68e0759e1e313a5e7e",
                "sha256:c4225f5220f46b2fde568c74fca27ae9771536c2e29d7c04f4fb62c83275ac4e",
                "sha256:c570f24be1e468e3f0ce7ef56a89a60f0e05b30a3669a459e419c6eac2c35364",
                "sha256:c6dafac9e0f2b3c78df97e79af707cdc5ef8e88208d686a4847bab8266870023",
                "sha256:c8de2789052ed501dd829e9cae8d3dcce7acb4777ea4a479c14521c942d395b1",
                "sha256:cb28c753fd5eb3dd859b4ee95de66cc62af91bcff5db5f2571d32a520baf1f04",
                "sha256:cb4c38abeef13c61d6916f264d4845fab99d7b711be96c326b84df9e3e0ff62d",
                "sha256:d1b35bcd6c5543b9cb547dee3150c93008f8dd0f1fef78fc0cd2b141c5baf58a",
                "sha256:d8e6aeb9201e655354b3ad049cb77d19813ad4ece0df1249d3c793de3774f8c7",
                "sha256:d8ecd059fdaf60c1963c58ceb8997b32e9dc1b911f5da5307aab614f1ce5c2fb",
                "sha256:da2b52b37dad6d9ec64e653637a096905b258d2fc2b984c41ae7d08b938a67e4",
                "sha256:e87f0b2c78157e12d7686b27d63c070fd65d994e8ddae6f328e0dcf4a0cd007e",
                "sha256:edca80cbfb2b68d7b56930b84a0e45ae1694aeba0541f798e908a49d66b837f1",
                "sha256:f379abd2f1e3dddb2b61bc67977a6b5a0a3f7485538bcc6f39ec76163891ee48",
                "sha256:fe4c15f6c9285dc54ce6553a3ce908ed37c8f3825b5a51a15c91442bb955b868"
            ],
            "index": "pypi",
            "markers": "python_version >= '3.8'",
            "version": "==10.2.0"
        },
        "setuptools": {
            "hashes": [
                "sha256:385eb4edd9c9d5c17540511303e39a147ce2fc04bc55289c322b9e5904fe2c05",
                "sha256:be1af57fc409f93647f2e8e4573a142ed38724b8cdd389706a867bb4efcf1e78"
            ],
            "markers": "python_version >= '3.8'",
            "version": "==69.0.3"
        },
        "sqlalchemy": {
            "hashes": [
                "sha256:0d3cab3076af2e4aa5693f89622bef7fa770c6fec967143e4da7508b3dceb9b9",
                "sha256:0dacf67aee53b16f365c589ce72e766efaabd2b145f9de7c917777b575e3659d",
                "sha256:10331f129982a19df4284ceac6fe87353ca3ca6b4ca77ff7d697209ae0a5915e",
                "sha256:14a6f68e8fc96e5e8f5647ef6cda6250c780612a573d99e4d881581432ef1669",
                "sha256:1b1180cda6df7af84fe72e4530f192231b1f29a7496951db4ff38dac1687202d",
                "sha256:29049e2c299b5ace92cbed0c1610a7a236f3baf4c6b66eb9547c01179f638ec5",
                "sha256:342d365988ba88ada8af320d43df4e0b13a694dbd75951f537b2d5e4cb5cd002",
                "sha256:420362338681eec03f53467804541a854617faed7272fe71a1bfdb07336a381e",
                "sha256:4344d059265cc8b1b1be351bfb88749294b87a8b2bbe21dfbe066c4199541ebd",
                "sha256:4f7a7d7fcc675d3d85fbf3b3828ecd5990b8d61bd6de3f1b260080b3beccf215",
                "sha256:555651adbb503ac7f4cb35834c5e4ae0819aab2cd24857a123370764dc7d7e24",
                "sha256:59a21853f5daeb50412d459cfb13cb82c089ad4c04ec208cd14dddd99fc23b39",
                "sha256:5fdd402169aa00df3142149940b3bf9ce7dde075928c1886d9a1df63d4b8de62",
                "sha256:605b6b059f4b57b277f75ace81cc5bc6335efcbcc4ccb9066695e515dbdb3900",
                "sha256:665f0a3954635b5b777a55111ababf44b4fc12b1f3ba0a435b602b6387ffd7cf",
                "sha256:6f9e2e59cbcc6ba1488404aad43de005d05ca56e069477b33ff74e91b6319735",
                "sha256:736ea78cd06de6c21ecba7416499e7236a22374561493b456a1f7ffbe3f6cdb4",
                "sha256:74b080c897563f81062b74e44f5a72fa44c2b373741a9ade701d5f789a10ba23",
                "sha256:75432b5b14dc2fff43c50435e248b45c7cdadef73388e5610852b95280ffd0e9",
                "sha256:75f99202324383d613ddd1f7455ac908dca9c2dd729ec8584c9541dd41822a2c",
                "sha256:790f533fa5c8901a62b6fef5811d48980adeb2f51f1290ade8b5e7ba990ba3de",
                "sha256:798f717ae7c806d67145f6ae94dc7c342d3222d3b9a311a784f371a4333212c7",
                "sha256:7c88f0c7dcc5f99bdb34b4fd9b69b93c89f893f454f40219fe923a3a2fd11625",
                "sha256:7d505815ac340568fd03f719446a589162d55c52f08abd77ba8964fbb7eb5b5f",
                "sha256:84daa0a2055df9ca0f148a64fdde12ac635e30edbca80e87df9b3aaf419e144a",
                "sha256:87d91043ea0dc65ee583026cb18e1b458d8ec5fc0a93637126b5fc0bc3ea68c4",
                "sha256:87f6e732bccd7dcf1741c00f1ecf33797383128bd1c90144ac8adc02cbb98643",
                "sha256:884272dcd3ad97f47702965a0e902b540541890f468d24bd1d98bcfe41c3f018",
                "sha256:8b8cb63d3ea63b29074dcd29da4dc6a97ad1349151f2d2949495418fd6e48db9",
                "sha256:91f7d9d1c4dd1f4f6e092874c128c11165eafcf7c963128f79e28f8445de82d5",
                "sha256:a2c69a7664fb2d54b8682dd774c3b54f67f84fa123cf84dda2a5f40dcaa04e08",
                "sha256:a3be4987e3ee9d9a380b66393b77a4cd6d742480c951a1c56a23c335caca4ce3",
                "sha256:a86b4240e67d4753dc3092d9511886795b3c2852abe599cffe108952f7af7ac3",
                "sha256:aa9373708763ef46782d10e950b49d0235bfe58facebd76917d3f5cbf5971aed",
                "sha256:b64b183d610b424a160b0d4d880995e935208fc043d0302dd29fee32d1ee3f95",
                "sha256:b801154027107461ee992ff4b5c09aa7cc6ec91ddfe50d02bca344918c3265c6",
                "sha256:bb209a73b8307f8fe4fe46f6ad5979649be01607f11af1eb94aa9e8a3aaf77f0",
                "sha256:bc8b7dabe8e67c4832891a5d322cec6d44ef02f432b4588390017f5cec186a84",
                "sha256:c51db269513917394faec5e5c00d6f83829742ba62e2ac4fa5c98d58be91662f",
                "sha256:c55731c116806836a5d678a70c84cb13f2cedba920212ba7dcad53260997666d",
                "sha256:cf18ff7fc9941b8fc23437cc3e68ed4ebeff3599eec6ef5eebf305f3d2e9a7c2",
                "sha256:d24f571990c05f6b36a396218f251f3e0dda916e0c687ef6fdca5072743208f5",
                "sha256:db854730a25db7c956423bb9fb4bdd1216c839a689bf9cc15fada0a7fb2f4570",
                "sha256:dc55990143cbd853a5d038c05e79284baedf3e299661389654551bd02a6a68d7",
                "sha256:e607cdd99cbf9bb80391f54446b86e16eea6ad309361942bf88318bcd452363c",
                "sha256:ecf6d4cda1f9f6cb0b45803a01ea7f034e2f1aed9475e883410812d9f9e3cfcf",
                "sha256:f2a159111a0f58fb034c93eeba211b4141137ec4b0a6e75789ab7a3ef3c7e7e3",
                "sha256:f37c0caf14b9e9b9e8f6dbc81bc56db06acb4363eba5a633167781a48ef036ed",
                "sha256:f5693145220517b5f42393e07a6898acdfe820e136c98663b971906120549da5"
            ],
            "index": "pypi",
            "markers": "python_version >= '3.7'",
            "version": "==2.0.25"
        },
        "typing-extensions": {
            "hashes": [
                "sha256:23478f88c37f27d76ac8aee6c905017a143b0b1b886c3c9f66bc2fd94f9f5783",
                "sha256:af72aea155e91adfc61c3ae9e0e342dbc0cba726d6cba4b6c72c1f34e47291cd"
            ],
            "markers": "python_version >= '3.8'",
            "version": "==4.9.0"
        }
    },
    "develop": {}
}
